
Microsoft Visual Studio Solution File, Format Version 12.00
# Visual Studio 15
Project("{FAE04EC0-301F-11D3-BF4B-00C04F79EFBC}") = "VRC.Udon.Serialization.OdinSerializer", "VRC.Udon.Serialization.OdinSerializer.csproj", "{95753707-9215-383E-64D4-DC1017EB9854}"
EndProject
Project("{FAE04EC0-301F-11D3-BF4B-00C04F79EFBC}") = "Assembly-CSharp", "Assembly-CSharp.csproj", "{C3D0A813-7A81-66A5-4E29-3702AAA6BC54}"
EndProject
Project("{FAE04EC0-301F-11D3-BF4B-00C04F79EFBC}") = "UdonSharp.Editor", "UdonSharp.Editor.csproj", "{1A303A8F-CD29-79E4-5A1F-06C664D73166}"
EndProject
Project("{FAE04EC0-301F-11D3-BF4B-00C04F79EFBC}") = "VRC.Udon.Editor", "VRC.Udon.Editor.csproj", "{50E4942A-64ED-721F-95B7-3672CF788068}"
EndProject
Project("{FAE04EC0-301F-11D3-BF4B-00C04F79EFBC}") = "VRC.SDKBase.Editor", "VRC.SDKBase.Editor.csproj", "{2D7C5078-5084-5FFD-5178-8264993BEC4F}"
EndProject
Project("{FAE04EC0-301F-11D3-BF4B-00C04F79EFBC}") = "Cyan.CyanTrigger.Editor", "Cyan.CyanTrigger.Editor.csproj", "{10F8247B-5B78-3F4F-CE44-A9EE9882C074}"
EndProject
Project("{FAE04EC0-301F-11D3-BF4B-00C04F79EFBC}") = "UniTask", "UniTask.csproj", "{5B30522B-639C-D7AF-3662-EF40276B3BC9}"
EndProject
Project("{FAE04EC0-301F-11D3-BF4B-00C04F79EFBC}") = "VRC.ClientSim", "VRC.ClientSim.csproj", "{8DC75012-73F4-6CCC-F43F-F70A628E0558}"
EndProject
Project("{FAE04EC0-301F-11D3-BF4B-00C04F79EFBC}") = "UniTask.Linq", "UniTask.Linq.csproj", "{AFEF96BE-274B-084A-CB85-E726C89D3520}"
EndProject
Project("{FAE04EC0-301F-11D3-BF4B-00C04F79EFBC}") = "VRC.SDKBase", "VRC.SDKBase.csproj", "{982E674D-AFD2-B61C-19F1-82320E7E0C13}"
EndProject
Project("{FAE04EC0-301F-11D3-BF4B-00C04F79EFBC}") = "VRC.ClientSim.Editor", "VRC.ClientSim.Editor.csproj", "{7C1C7E47-FF5B-38DC-1090-F7FA2AC779E4}"
EndProject
Project("{FAE04EC0-301F-11D3-BF4B-00C04F79EFBC}") = "VRC.SDK3", "VRC.SDK3.csproj", "{62626B99-D106-F6B1-A43D-D63EC8AD4B53}"
EndProject
Project("{FAE04EC0-301F-11D3-BF4B-00C04F79EFBC}") = "Assembly-CSharp-Editor", "Assembly-CSharp-Editor.csproj", "{D8526AA6-FAC5-1679-9DA9-F6250B1CDD2D}"
EndProject
Project("{FAE04EC0-301F-11D3-BF4B-00C04F79EFBC}") = "VRC.SDK3.Editor", "VRC.SDK3.Editor.csproj", "{B2F84208-094E-3F5C-AEAA-EBDE68AA7C32}"
EndProject
Project("{FAE04EC0-301F-11D3-BF4B-00C04F79EFBC}") = "UniTask.DOTween", "UniTask.DOTween.csproj", "{139173EC-596A-00C9-5618-D94B681F249A}"
EndProject
Project("{FAE04EC0-301F-11D3-BF4B-00C04F79EFBC}") = "UnityEditorTests", "UnityEditorTests.csproj", "{2D8648A9-A67B-E21C-FFD8-509793920D4A}"
EndProject
Project("{FAE04EC0-301F-11D3-BF4B-00C04F79EFBC}") = "Cyan.CyanTrigger", "Cyan.CyanTrigger.csproj", "{DFBF1AC4-FB11-BDD3-6949-98A14425A9C0}"
EndProject
Project("{FAE04EC0-301F-11D3-BF4B-00C04F79EFBC}") = "VRWorldToolkit.Editor", "VRWorldToolkit.Editor.csproj", "{B10387BA-CDD6-1DD6-E35B-066883B2E8E3}"
EndProject
Project("{FAE04EC0-301F-11D3-BF4B-00C04F79EFBC}") = "VRC.Udon", "VRC.Udon.csproj", "{C8681874-FD96-7E53-F6F0-BB0883CD678E}"
EndProject
Project("{FAE04EC0-301F-11D3-BF4B-00C04F79EFBC}") = "com.vrchat.core.vpm-resolver.Editor", "com.vrchat.core.vpm-resolver.Editor.csproj", "{F86EE0AC-CADA-D24D-2D69-E71E9386FAD6}"
EndProject
Project("{FAE04EC0-301F-11D3-BF4B-00C04F79EFBC}") = "VRC.SDKBase.Editor.ShaderStripping", "VRC.SDKBase.Editor.ShaderStripping.csproj", "{41283D6E-1CF5-E4E9-818C-F5F270475AB7}"
EndProject
Project("{FAE04EC0-301F-11D3-BF4B-00C04F79EFBC}") = "UdonSharp.Runtime", "UdonSharp.Runtime.csproj", "{ED5AB1BA-2F01-A680-C083-79A8DE3388E0}"
EndProject
Project("{FAE04EC0-301F-11D3-BF4B-00C04F79EFBC}") = "UniTask.Editor", "UniTask.Editor.csproj", "{E016847A-9500-EAC5-2F89-7877E6CF4165}"
EndProject
Project("{FAE04EC0-301F-11D3-BF4B-00C04F79EFBC}") = "AltGUI", "AltGUI.csproj", "{B44A8822-F63B-0A1B-F056-48FC7CAF626F}"
EndProject
Project("{FAE04EC0-301F-11D3-BF4B-00C04F79EFBC}") = "UdonSharp.Lib", "UdonSharp.Lib.csproj", "{E95E3C15-D8C5-AF2A-3E91-793986C76AFF}"
EndProject
Project("{FAE04EC0-301F-11D3-BF4B-00C04F79EFBC}") = "VRC.SDKBase.Editor.BuildPipeline", "VRC.SDKBase.Editor.BuildPipeline.csproj", "{63C99631-0B8E-C72C-550B-4F56E7C57634}"
EndProject
Project("{FAE04EC0-301F-11D3-BF4B-00C04F79EFBC}") = "UniTask.Addressables", "UniTask.Addressables.csproj", "{810102F6-180C-DBF0-858C-D2E10ED8B20D}"
EndProject
Project("{FAE04EC0-301F-11D3-BF4B-00C04F79EFBC}") = "UniTask.TextMeshPro", "UniTask.TextMeshPro.csproj", "{A13586D0-7D03-00CA-E914-275303BB6B2D}"
EndProject
Global
	GlobalSection(SolutionConfigurationPlatforms) = preSolution
		Debug|Any CPU = Debug|Any CPU
		Release|Any CPU = Release|Any CPU
	EndGlobalSection
	GlobalSection(ProjectConfigurationPlatforms) = postSolution
		{95753707-9215-383E-64D4-DC1017EB9854}.Debug|Any CPU.ActiveCfg = Debug|Any CPU
		{95753707-9215-383E-64D4-DC1017EB9854}.Debug|Any CPU.Build.0 = Debug|Any CPU
		{95753707-9215-383E-64D4-DC1017EB9854}.Release|Any CPU.ActiveCfg = Release|Any CPU
		{95753707-9215-383E-64D4-DC1017EB9854}.Release|Any CPU.Build.0 = Release|Any CPU
		{C3D0A813-7A81-66A5-4E29-3702AAA6BC54}.Debug|Any CPU.ActiveCfg = Debug|Any CPU
		{C3D0A813-7A81-66A5-4E29-3702AAA6BC54}.Debug|Any CPU.Build.0 = Debug|Any CPU
		{C3D0A813-7A81-66A5-4E29-3702AAA6BC54}.Release|Any CPU.ActiveCfg = Release|Any CPU
		{C3D0A813-7A81-66A5-4E29-3702AAA6BC54}.Release|Any CPU.Build.0 = Release|Any CPU
		{1A303A8F-CD29-79E4-5A1F-06C664D73166}.Debug|Any CPU.ActiveCfg = Debug|Any CPU
		{1A303A8F-CD29-79E4-5A1F-06C664D73166}.Debug|Any CPU.Build.0 = Debug|Any CPU
		{1A303A8F-CD29-79E4-5A1F-06C664D73166}.Release|Any CPU.ActiveCfg = Release|Any CPU
		{1A303A8F-CD29-79E4-5A1F-06C664D73166}.Release|Any CPU.Build.0 = Release|Any CPU
		{50E4942A-64ED-721F-95B7-3672CF788068}.Debug|Any CPU.ActiveCfg = Debug|Any CPU
		{50E4942A-64ED-721F-95B7-3672CF788068}.Debug|Any CPU.Build.0 = Debug|Any CPU
		{50E4942A-64ED-721F-95B7-3672CF788068}.Release|Any CPU.ActiveCfg = Release|Any CPU
		{50E4942A-64ED-721F-95B7-3672CF788068}.Release|Any CPU.Build.0 = Release|Any CPU
		{2D7C5078-5084-5FFD-5178-8264993BEC4F}.Debug|Any CPU.ActiveCfg = Debug|Any CPU
		{2D7C5078-5084-5FFD-5178-8264993BEC4F}.Debug|Any CPU.Build.0 = Debug|Any CPU
		{2D7C5078-5084-5FFD-5178-8264993BEC4F}.Release|Any CPU.ActiveCfg = Release|Any CPU
		{2D7C5078-5084-5FFD-5178-8264993BEC4F}.Release|Any CPU.Build.0 = Release|Any CPU
		{10F8247B-5B78-3F4F-CE44-A9EE9882C074}.Debug|Any CPU.ActiveCfg = Debug|Any CPU
		{10F8247B-5B78-3F4F-CE44-A9EE9882C074}.Debug|Any CPU.Build.0 = Debug|Any CPU
		{10F8247B-5B78-3F4F-CE44-A9EE9882C074}.Release|Any CPU.ActiveCfg = Release|Any CPU
		{10F8247B-5B78-3F4F-CE44-A9EE9882C074}.Release|Any CPU.Build.0 = Release|Any CPU
		{5B30522B-639C-D7AF-3662-EF40276B3BC9}.Debug|Any CPU.ActiveCfg = Debug|Any CPU
		{5B30522B-639C-D7AF-3662-EF40276B3BC9}.Debug|Any CPU.Build.0 = Debug|Any CPU
		{5B30522B-639C-D7AF-3662-EF40276B3BC9}.Release|Any CPU.ActiveCfg = Release|Any CPU
		{5B30522B-639C-D7AF-3662-EF40276B3BC9}.Release|Any CPU.Build.0 = Release|Any CPU
		{8DC75012-73F4-6CCC-F43F-F70A628E0558}.Debug|Any CPU.ActiveCfg = Debug|Any CPU
		{8DC75012-73F4-6CCC-F43F-F70A628E0558}.Debug|Any CPU.Build.0 = Debug|Any CPU
		{8DC75012-73F4-6CCC-F43F-F70A628E0558}.Release|Any CPU.ActiveCfg = Release|Any CPU
		{8DC75012-73F4-6CCC-F43F-F70A628E0558}.Release|Any CPU.Build.0 = Release|Any CPU
		{AFEF96BE-274B-084A-CB85-E726C89D3520}.Debug|Any CPU.ActiveCfg = Debug|Any CPU
		{AFEF96BE-274B-084A-CB85-E726C89D3520}.Debug|Any CPU.Build.0 = Debug|Any CPU
		{AFEF96BE-274B-084A-CB85-E726C89D3520}.Release|Any CPU.ActiveCfg = Release|Any CPU
		{AFEF96BE-274B-084A-CB85-E726C89D3520}.Release|Any CPU.Build.0 = Release|Any CPU
		{982E674D-AFD2-B61C-19F1-82320E7E0C13}.Debug|Any CPU.ActiveCfg = Debug|Any CPU
		{982E674D-AFD2-B61C-19F1-82320E7E0C13}.Debug|Any CPU.Build.0 = Debug|Any CPU
		{982E674D-AFD2-B61C-19F1-82320E7E0C13}.Release|Any CPU.ActiveCfg = Release|Any CPU
		{982E674D-AFD2-B61C-19F1-82320E7E0C13}.Release|Any CPU.Build.0 = Release|Any CPU
		{7C1C7E47-FF5B-38DC-1090-F7FA2AC779E4}.Debug|Any CPU.ActiveCfg = Debug|Any CPU
		{7C1C7E47-FF5B-38DC-1090-F7FA2AC779E4}.Debug|Any CPU.Build.0 = Debug|Any CPU
		{7C1C7E47-FF5B-38DC-1090-F7FA2AC779E4}.Release|Any CPU.ActiveCfg = Release|Any CPU
		{7C1C7E47-FF5B-38DC-1090-F7FA2AC779E4}.Release|Any CPU.Build.0 = Release|Any CPU
		{62626B99-D106-F6B1-A43D-D63EC8AD4B53}.Debug|Any CPU.ActiveCfg = Debug|Any CPU
		{62626B99-D106-F6B1-A43D-D63EC8AD4B53}.Debug|Any CPU.Build.0 = Debug|Any CPU
		{62626B99-D106-F6B1-A43D-D63EC8AD4B53}.Release|Any CPU.ActiveCfg = Release|Any CPU
		{62626B99-D106-F6B1-A43D-D63EC8AD4B53}.Release|Any CPU.Build.0 = Release|Any CPU
		{D8526AA6-FAC5-1679-9DA9-F6250B1CDD2D}.Debug|Any CPU.ActiveCfg = Debug|Any CPU
		{D8526AA6-FAC5-1679-9DA9-F6250B1CDD2D}.Debug|Any CPU.Build.0 = Debug|Any CPU
		{D8526AA6-FAC5-1679-9DA9-F6250B1CDD2D}.Release|Any CPU.ActiveCfg = Release|Any CPU
		{D8526AA6-FAC5-1679-9DA9-F6250B1CDD2D}.Release|Any CPU.Build.0 = Release|Any CPU
		{B2F84208-094E-3F5C-AEAA-EBDE68AA7C32}.Debug|Any CPU.ActiveCfg = Debug|Any CPU
		{B2F84208-094E-3F5C-AEAA-EBDE68AA7C32}.Debug|Any CPU.Build.0 = Debug|Any CPU
		{B2F84208-094E-3F5C-AEAA-EBDE68AA7C32}.Release|Any CPU.ActiveCfg = Release|Any CPU
		{B2F84208-094E-3F5C-AEAA-EBDE68AA7C32}.Release|Any CPU.Build.0 = Release|Any CPU
		{139173EC-596A-00C9-5618-D94B681F249A}.Debug|Any CPU.ActiveCfg = Debug|Any CPU
		{139173EC-596A-00C9-5618-D94B681F249A}.Debug|Any CPU.Build.0 = Debug|Any CPU
		{139173EC-596A-00C9-5618-D94B681F249A}.Release|Any CPU.ActiveCfg = Release|Any CPU
		{139173EC-596A-00C9-5618-D94B681F249A}.Release|Any CPU.Build.0 = Release|Any CPU
		{2D8648A9-A67B-E21C-FFD8-509793920D4A}.Debug|Any CPU.ActiveCfg = Debug|Any CPU
		{2D8648A9-A67B-E21C-FFD8-509793920D4A}.Debug|Any CPU.Build.0 = Debug|Any CPU
		{2D8648A9-A67B-E21C-FFD8-509793920D4A}.Release|Any CPU.ActiveCfg = Release|Any CPU
		{2D8648A9-A67B-E21C-FFD8-509793920D4A}.Release|Any CPU.Build.0 = Release|Any CPU
		{DFBF1AC4-FB11-BDD3-6949-98A14425A9C0}.Debug|Any CPU.ActiveCfg = Debug|Any CPU
		{DFBF1AC4-FB11-BDD3-6949-98A14425A9C0}.Debug|Any CPU.Build.0 = Debug|Any CPU
		{DFBF1AC4-FB11-BDD3-6949-98A14425A9C0}.Release|Any CPU.ActiveCfg = Release|Any CPU
		{DFBF1AC4-FB11-BDD3-6949-98A14425A9C0}.Release|Any CPU.Build.0 = Release|Any CPU
		{B10387BA-CDD6-1DD6-E35B-066883B2E8E3}.Debug|Any CPU.ActiveCfg = Debug|Any CPU
		{B10387BA-CDD6-1DD6-E35B-066883B2E8E3}.Debug|Any CPU.Build.0 = Debug|Any CPU
		{B10387BA-CDD6-1DD6-E35B-066883B2E8E3}.Release|Any CPU.ActiveCfg = Release|Any CPU
		{B10387BA-CDD6-1DD6-E35B-066883B2E8E3}.Release|Any CPU.Build.0 = Release|Any CPU
		{C8681874-FD96-7E53-F6F0-BB0883CD678E}.Debug|Any CPU.ActiveCfg = Debug|Any CPU
		{C8681874-FD96-7E53-F6F0-BB0883CD678E}.Debug|Any CPU.Build.0 = Debug|Any CPU
		{C8681874-FD96-7E53-F6F0-BB0883CD678E}.Release|Any CPU.ActiveCfg = Release|Any CPU
		{C8681874-FD96-7E53-F6F0-BB0883CD678E}.Release|Any CPU.Build.0 = Release|Any CPU
		{F86EE0AC-CADA-D24D-2D69-E71E9386FAD6}.Debug|Any CPU.ActiveCfg = Debug|Any CPU
		{F86EE0AC-CADA-D24D-2D69-E71E9386FAD6}.Debug|Any CPU.Build.0 = Debug|Any CPU
		{F86EE0AC-CADA-D24D-2D69-E71E9386FAD6}.Release|Any CPU.ActiveCfg = Release|Any CPU
		{F86EE0AC-CADA-D24D-2D69-E71E9386FAD6}.Release|Any CPU.Build.0 = Release|Any CPU
		{41283D6E-1CF5-E4E9-818C-F5F270475AB7}.Debug|Any CPU.ActiveCfg = Debug|Any CPU
		{41283D6E-1CF5-E4E9-818C-F5F270475AB7}.Debug|Any CPU.Build.0 = Debug|Any CPU
		{41283D6E-1CF5-E4E9-818C-F5F270475AB7}.Release|Any CPU.ActiveCfg = Release|Any CPU
		{41283D6E-1CF5-E4E9-818C-F5F270475AB7}.Release|Any CPU.Build.0 = Release|Any CPU
		{ED5AB1BA-2F01-A680-C083-79A8DE3388E0}.Debug|Any CPU.ActiveCfg = Debug|Any CPU
		{ED5AB1BA-2F01-A680-C083-79A8DE3388E0}.Debug|Any CPU.Build.0 = Debug|Any CPU
		{ED5AB1BA-2F01-A680-C083-79A8DE3388E0}.Release|Any CPU.ActiveCfg = Release|Any CPU
		{ED5AB1BA-2F01-A680-C083-79A8DE3388E0}.Release|Any CPU.Build.0 = Release|Any CPU
		{E016847A-9500-EAC5-2F89-7877E6CF4165}.Debug|Any CPU.ActiveCfg = Debug|Any CPU
		{E016847A-9500-EAC5-2F89-7877E6CF4165}.Debug|Any CPU.Build.0 = Debug|Any CPU
		{E016847A-9500-EAC5-2F89-7877E6CF4165}.Release|Any CPU.ActiveCfg = Release|Any CPU
		{E016847A-9500-EAC5-2F89-7877E6CF4165}.Release|Any CPU.Build.0 = Release|Any CPU
		{B44A8822-F63B-0A1B-F056-48FC7CAF626F}.Debug|Any CPU.ActiveCfg = Debug|Any CPU
		{B44A8822-F63B-0A1B-F056-48FC7CAF626F}.Debug|Any CPU.Build.0 = Debug|Any CPU
		{B44A8822-F63B-0A1B-F056-48FC7CAF626F}.Release|Any CPU.ActiveCfg = Release|Any CPU
		{B44A8822-F63B-0A1B-F056-48FC7CAF626F}.Release|Any CPU.Build.0 = Release|Any CPU
		{E95E3C15-D8C5-AF2A-3E91-793986C76AFF}.Debug|Any CPU.ActiveCfg = Debug|Any CPU
		{E95E3C15-D8C5-AF2A-3E91-793986C76AFF}.Debug|Any CPU.Build.0 = Debug|Any CPU
		{E95E3C15-D8C5-AF2A-3E91-793986C76AFF}.Release|Any CPU.ActiveCfg = Release|Any CPU
		{E95E3C15-D8C5-AF2A-3E91-793986C76AFF}.Release|Any CPU.Build.0 = Release|Any CPU
		{63C99631-0B8E-C72C-550B-4F56E7C57634}.Debug|Any CPU.ActiveCfg = Debug|Any CPU
		{63C99631-0B8E-C72C-550B-4F56E7C57634}.Debug|Any CPU.Build.0 = Debug|Any CPU
		{63C99631-0B8E-C72C-550B-4F56E7C57634}.Release|Any CPU.ActiveCfg = Release|Any CPU
		{63C99631-0B8E-C72C-550B-4F56E7C57634}.Release|Any CPU.Build.0 = Release|Any CPU
		{810102F6-180C-DBF0-858C-D2E10ED8B20D}.Debug|Any CPU.ActiveCfg = Debug|Any CPU
		{810102F6-180C-DBF0-858C-D2E10ED8B20D}.Debug|Any CPU.Build.0 = Debug|Any CPU
		{810102F6-180C-DBF0-858C-D2E10ED8B20D}.Release|Any CPU.ActiveCfg = Release|Any CPU
		{810102F6-180C-DBF0-858C-D2E10ED8B20D}.Release|Any CPU.Build.0 = Release|Any CPU
		{A13586D0-7D03-00CA-E914-275303BB6B2D}.Debug|Any CPU.ActiveCfg = Debug|Any CPU
		{A13586D0-7D03-00CA-E914-275303BB6B2D}.Debug|Any CPU.Build.0 = Debug|Any CPU
		{A13586D0-7D03-00CA-E914-275303BB6B2D}.Release|Any CPU.ActiveCfg = Release|Any CPU
		{A13586D0-7D03-00CA-E914-275303BB6B2D}.Release|Any CPU.Build.0 = Release|Any CPU
	EndGlobalSection
	GlobalSection(SolutionProperties) = preSolution
		HideSolutionNode = FALSE
	EndGlobalSection
EndGlobal
