
Microsoft Visual Studio Solution File, Format Version 12.00
# Visual Studio 15
Project("{FAE04EC0-301F-11D3-BF4B-00C04F79EFBC}") = "VRC.Udon.Serialization.OdinSerializer", "VRC.Udon.Serialization.OdinSerializer.csproj", "{DA225C81-1DF3-86BF-92E9-920F1469E07A}"
EndProject
Project("{FAE04EC0-301F-11D3-BF4B-00C04F79EFBC}") = "Assembly-CSharp", "Assembly-CSharp.csproj", "{C929EFE6-1109-0789-BB10-E357F4741E6B}"
EndProject
Project("{FAE04EC0-301F-11D3-BF4B-00C04F79EFBC}") = "UdonSharp.Editor", "UdonSharp.Editor.csproj", "{5B5E78FC-AF6B-0E47-638E-133B77386568}"
EndProject
Project("{FAE04EC0-301F-11D3-BF4B-00C04F79EFBC}") = "VRC.Udon.Editor", "VRC.Udon.Editor.csproj", "{301BE35A-5451-EE42-6734-4D4E7C4E59E7}"
EndProject
Project("{FAE04EC0-301F-11D3-BF4B-00C04F79EFBC}") = "VRC.SDKBase.Editor", "VRC.SDKBase.Editor.csproj", "{AD290B73-F575-9FE3-1B41-C8A4DE162321}"
EndProject
Project("{FAE04EC0-301F-11D3-BF4B-00C04F79EFBC}") = "Cyan.CyanTrigger.Editor", "Cyan.CyanTrigger.Editor.csproj", "{B6E8ADAF-02E5-C6F8-509D-80B6508FF2D6}"
EndProject
Project("{FAE04EC0-301F-11D3-BF4B-00C04F79EFBC}") = "BakeryEditorAssembly", "BakeryEditorAssembly.csproj", "{C6804A1A-CD6C-D1CA-B850-1EF714AF7B28}"
EndProject
Project("{FAE04EC0-301F-11D3-BF4B-00C04F79EFBC}") = "UniTask", "UniTask.csproj", "{3BFB179A-048E-C888-9F25-95FF33366D66}"
EndProject
Project("{FAE04EC0-301F-11D3-BF4B-00C04F79EFBC}") = "VRC.ClientSim", "VRC.ClientSim.csproj", "{74EE81BF-46D0-551A-D1E3-9F4582BD5E0C}"
EndProject
Project("{FAE04EC0-301F-11D3-BF4B-00C04F79EFBC}") = "UniTask.Linq", "UniTask.Linq.csproj", "{7FA13494-0A2A-D714-24A0-10F2DD1FB63F}"
EndProject
Project("{FAE04EC0-301F-11D3-BF4B-00C04F79EFBC}") = "VRC.SDKBase", "VRC.SDKBase.csproj", "{2039628F-3091-7461-5771-5896BAF4D34C}"
EndProject
Project("{FAE04EC0-301F-11D3-BF4B-00C04F79EFBC}") = "VRC.ClientSim.Editor", "VRC.ClientSim.Editor.csproj", "{7711D231-A620-25EA-EE6B-2B64F19D1B42}"
EndProject
Project("{FAE04EC0-301F-11D3-BF4B-00C04F79EFBC}") = "VRC.SDK3", "VRC.SDK3.csproj", "{829314F2-E5AB-2F1B-0C74-38605B45A0F6}"
EndProject
Project("{FAE04EC0-301F-11D3-BF4B-00C04F79EFBC}") = "Assembly-CSharp-Editor", "Assembly-CSharp-Editor.csproj", "{8CAFC7B7-6A52-5756-19D2-5B6C9E5BEE4F}"
EndProject
Project("{FAE04EC0-301F-11D3-BF4B-00C04F79EFBC}") = "VRC.SDK3.Editor", "VRC.SDK3.Editor.csproj", "{C83171A6-E388-974C-8ED0-CB27DE5B419F}"
EndProject
Project("{FAE04EC0-301F-11D3-BF4B-00C04F79EFBC}") = "UniTask.DOTween", "UniTask.DOTween.csproj", "{5FBF68B2-A4B0-169E-0E44-07A06E5A6113}"
EndProject
Project("{FAE04EC0-301F-11D3-BF4B-00C04F79EFBC}") = "UnityEditorTests", "UnityEditorTests.csproj", "{C2F1CB63-053C-D200-96A6-268E154ACCA7}"
EndProject
Project("{FAE04EC0-301F-11D3-BF4B-00C04F79EFBC}") = "Cyan.CyanTrigger", "Cyan.CyanTrigger.csproj", "{6CB212ED-7611-7BE1-AE15-5AD0B019E5BA}"
EndProject
Project("{FAE04EC0-301F-11D3-BF4B-00C04F79EFBC}") = "VRWorldToolkit.Editor", "VRWorldToolkit.Editor.csproj", "{CD8A6CB7-EC74-E983-985A-C96414322ABD}"
EndProject
Project("{FAE04EC0-301F-11D3-BF4B-00C04F79EFBC}") = "VRC.Udon", "VRC.Udon.csproj", "{33B48702-D034-0300-3C3C-5BE9B5907699}"
EndProject
Project("{FAE04EC0-301F-11D3-BF4B-00C04F79EFBC}") = "BakeryRuntimeAssembly", "BakeryRuntimeAssembly.csproj", "{60C739F2-E0C4-8C22-7374-4A787EAD0587}"
EndProject
Project("{FAE04EC0-301F-11D3-BF4B-00C04F79EFBC}") = "com.vrchat.core.vpm-resolver.Editor", "com.vrchat.core.vpm-resolver.Editor.csproj", "{E19848DF-B53B-4EB4-AD1C-FD6CA790245E}"
EndProject
Project("{FAE04EC0-301F-11D3-BF4B-00C04F79EFBC}") = "VRC.SDKBase.Editor.ShaderStripping", "VRC.SDKBase.Editor.ShaderStripping.csproj", "{6C75B2DC-8F51-422A-5181-5F06763B538F}"
EndProject
Project("{FAE04EC0-301F-11D3-BF4B-00C04F79EFBC}") = "UdonSharp.Runtime", "UdonSharp.Runtime.csproj", "{3165DA59-4399-5ECB-E721-FDB63ACB42A8}"
EndProject
Project("{FAE04EC0-301F-11D3-BF4B-00C04F79EFBC}") = "UniTask.Editor", "UniTask.Editor.csproj", "{D04FDC7A-6257-2FE1-05D2-FB4AFB62780C}"
EndProject
Project("{FAE04EC0-301F-11D3-BF4B-00C04F79EFBC}") = "AltGUI", "AltGUI.csproj", "{869776B6-782F-2637-A751-1AD299E762E3}"
EndProject
Project("{FAE04EC0-301F-11D3-BF4B-00C04F79EFBC}") = "UdonSharp.Lib", "UdonSharp.Lib.csproj", "{7082DA69-EB6D-380F-D59B-077C72654B6E}"
EndProject
Project("{FAE04EC0-301F-11D3-BF4B-00C04F79EFBC}") = "VRC.SDKBase.Editor.BuildPipeline", "VRC.SDKBase.Editor.BuildPipeline.csproj", "{0A33E9FE-5117-269C-F824-0BF41FC9E40C}"
EndProject
Project("{FAE04EC0-301F-11D3-BF4B-00C04F79EFBC}") = "UniTask.Addressables", "UniTask.Addressables.csproj", "{E757A4ED-C61D-628D-CE82-F090E3D6DBC1}"
EndProject
Project("{FAE04EC0-301F-11D3-BF4B-00C04F79EFBC}") = "UniTask.TextMeshPro", "UniTask.TextMeshPro.csproj", "{A31CC202-E2E9-7367-77E5-23B21C3D06D4}"
EndProject
Global
	GlobalSection(SolutionConfigurationPlatforms) = preSolution
		Debug|Any CPU = Debug|Any CPU
		Release|Any CPU = Release|Any CPU
	EndGlobalSection
	GlobalSection(ProjectConfigurationPlatforms) = postSolution
		{DA225C81-1DF3-86BF-92E9-920F1469E07A}.Debug|Any CPU.ActiveCfg = Debug|Any CPU
		{DA225C81-1DF3-86BF-92E9-920F1469E07A}.Debug|Any CPU.Build.0 = Debug|Any CPU
		{DA225C81-1DF3-86BF-92E9-920F1469E07A}.Release|Any CPU.ActiveCfg = Release|Any CPU
		{DA225C81-1DF3-86BF-92E9-920F1469E07A}.Release|Any CPU.Build.0 = Release|Any CPU
		{C929EFE6-1109-0789-BB10-E357F4741E6B}.Debug|Any CPU.ActiveCfg = Debug|Any CPU
		{C929EFE6-1109-0789-BB10-E357F4741E6B}.Debug|Any CPU.Build.0 = Debug|Any CPU
		{C929EFE6-1109-0789-BB10-E357F4741E6B}.Release|Any CPU.ActiveCfg = Release|Any CPU
		{C929EFE6-1109-0789-BB10-E357F4741E6B}.Release|Any CPU.Build.0 = Release|Any CPU
		{5B5E78FC-AF6B-0E47-638E-133B77386568}.Debug|Any CPU.ActiveCfg = Debug|Any CPU
		{5B5E78FC-AF6B-0E47-638E-133B77386568}.Debug|Any CPU.Build.0 = Debug|Any CPU
		{5B5E78FC-AF6B-0E47-638E-133B77386568}.Release|Any CPU.ActiveCfg = Release|Any CPU
		{5B5E78FC-AF6B-0E47-638E-133B77386568}.Release|Any CPU.Build.0 = Release|Any CPU
		{301BE35A-5451-EE42-6734-4D4E7C4E59E7}.Debug|Any CPU.ActiveCfg = Debug|Any CPU
		{301BE35A-5451-EE42-6734-4D4E7C4E59E7}.Debug|Any CPU.Build.0 = Debug|Any CPU
		{301BE35A-5451-EE42-6734-4D4E7C4E59E7}.Release|Any CPU.ActiveCfg = Release|Any CPU
		{301BE35A-5451-EE42-6734-4D4E7C4E59E7}.Release|Any CPU.Build.0 = Release|Any CPU
		{AD290B73-F575-9FE3-1B41-C8A4DE162321}.Debug|Any CPU.ActiveCfg = Debug|Any CPU
		{AD290B73-F575-9FE3-1B41-C8A4DE162321}.Debug|Any CPU.Build.0 = Debug|Any CPU
		{AD290B73-F575-9FE3-1B41-C8A4DE162321}.Release|Any CPU.ActiveCfg = Release|Any CPU
		{AD290B73-F575-9FE3-1B41-C8A4DE162321}.Release|Any CPU.Build.0 = Release|Any CPU
		{B6E8ADAF-02E5-C6F8-509D-80B6508FF2D6}.Debug|Any CPU.ActiveCfg = Debug|Any CPU
		{B6E8ADAF-02E5-C6F8-509D-80B6508FF2D6}.Debug|Any CPU.Build.0 = Debug|Any CPU
		{B6E8ADAF-02E5-C6F8-509D-80B6508FF2D6}.Release|Any CPU.ActiveCfg = Release|Any CPU
		{B6E8ADAF-02E5-C6F8-509D-80B6508FF2D6}.Release|Any CPU.Build.0 = Release|Any CPU
		{C6804A1A-CD6C-D1CA-B850-1EF714AF7B28}.Debug|Any CPU.ActiveCfg = Debug|Any CPU
		{C6804A1A-CD6C-D1CA-B850-1EF714AF7B28}.Debug|Any CPU.Build.0 = Debug|Any CPU
		{C6804A1A-CD6C-D1CA-B850-1EF714AF7B28}.Release|Any CPU.ActiveCfg = Release|Any CPU
		{C6804A1A-CD6C-D1CA-B850-1EF714AF7B28}.Release|Any CPU.Build.0 = Release|Any CPU
		{3BFB179A-048E-C888-9F25-95FF33366D66}.Debug|Any CPU.ActiveCfg = Debug|Any CPU
		{3BFB179A-048E-C888-9F25-95FF33366D66}.Debug|Any CPU.Build.0 = Debug|Any CPU
		{3BFB179A-048E-C888-9F25-95FF33366D66}.Release|Any CPU.ActiveCfg = Release|Any CPU
		{3BFB179A-048E-C888-9F25-95FF33366D66}.Release|Any CPU.Build.0 = Release|Any CPU
		{74EE81BF-46D0-551A-D1E3-9F4582BD5E0C}.Debug|Any CPU.ActiveCfg = Debug|Any CPU
		{74EE81BF-46D0-551A-D1E3-9F4582BD5E0C}.Debug|Any CPU.Build.0 = Debug|Any CPU
		{74EE81BF-46D0-551A-D1E3-9F4582BD5E0C}.Release|Any CPU.ActiveCfg = Release|Any CPU
		{74EE81BF-46D0-551A-D1E3-9F4582BD5E0C}.Release|Any CPU.Build.0 = Release|Any CPU
		{7FA13494-0A2A-D714-24A0-10F2DD1FB63F}.Debug|Any CPU.ActiveCfg = Debug|Any CPU
		{7FA13494-0A2A-D714-24A0-10F2DD1FB63F}.Debug|Any CPU.Build.0 = Debug|Any CPU
		{7FA13494-0A2A-D714-24A0-10F2DD1FB63F}.Release|Any CPU.ActiveCfg = Release|Any CPU
		{7FA13494-0A2A-D714-24A0-10F2DD1FB63F}.Release|Any CPU.Build.0 = Release|Any CPU
		{2039628F-3091-7461-5771-5896BAF4D34C}.Debug|Any CPU.ActiveCfg = Debug|Any CPU
		{2039628F-3091-7461-5771-5896BAF4D34C}.Debug|Any CPU.Build.0 = Debug|Any CPU
		{2039628F-3091-7461-5771-5896BAF4D34C}.Release|Any CPU.ActiveCfg = Release|Any CPU
		{2039628F-3091-7461-5771-5896BAF4D34C}.Release|Any CPU.Build.0 = Release|Any CPU
		{7711D231-A620-25EA-EE6B-2B64F19D1B42}.Debug|Any CPU.ActiveCfg = Debug|Any CPU
		{7711D231-A620-25EA-EE6B-2B64F19D1B42}.Debug|Any CPU.Build.0 = Debug|Any CPU
		{7711D231-A620-25EA-EE6B-2B64F19D1B42}.Release|Any CPU.ActiveCfg = Release|Any CPU
		{7711D231-A620-25EA-EE6B-2B64F19D1B42}.Release|Any CPU.Build.0 = Release|Any CPU
		{829314F2-E5AB-2F1B-0C74-38605B45A0F6}.Debug|Any CPU.ActiveCfg = Debug|Any CPU
		{829314F2-E5AB-2F1B-0C74-38605B45A0F6}.Debug|Any CPU.Build.0 = Debug|Any CPU
		{829314F2-E5AB-2F1B-0C74-38605B45A0F6}.Release|Any CPU.ActiveCfg = Release|Any CPU
		{829314F2-E5AB-2F1B-0C74-38605B45A0F6}.Release|Any CPU.Build.0 = Release|Any CPU
		{8CAFC7B7-6A52-5756-19D2-5B6C9E5BEE4F}.Debug|Any CPU.ActiveCfg = Debug|Any CPU
		{8CAFC7B7-6A52-5756-19D2-5B6C9E5BEE4F}.Debug|Any CPU.Build.0 = Debug|Any CPU
		{8CAFC7B7-6A52-5756-19D2-5B6C9E5BEE4F}.Release|Any CPU.ActiveCfg = Release|Any CPU
		{8CAFC7B7-6A52-5756-19D2-5B6C9E5BEE4F}.Release|Any CPU.Build.0 = Release|Any CPU
		{C83171A6-E388-974C-8ED0-CB27DE5B419F}.Debug|Any CPU.ActiveCfg = Debug|Any CPU
		{C83171A6-E388-974C-8ED0-CB27DE5B419F}.Debug|Any CPU.Build.0 = Debug|Any CPU
		{C83171A6-E388-974C-8ED0-CB27DE5B419F}.Release|Any CPU.ActiveCfg = Release|Any CPU
		{C83171A6-E388-974C-8ED0-CB27DE5B419F}.Release|Any CPU.Build.0 = Release|Any CPU
		{5FBF68B2-A4B0-169E-0E44-07A06E5A6113}.Debug|Any CPU.ActiveCfg = Debug|Any CPU
		{5FBF68B2-A4B0-169E-0E44-07A06E5A6113}.Debug|Any CPU.Build.0 = Debug|Any CPU
		{5FBF68B2-A4B0-169E-0E44-07A06E5A6113}.Release|Any CPU.ActiveCfg = Release|Any CPU
		{5FBF68B2-A4B0-169E-0E44-07A06E5A6113}.Release|Any CPU.Build.0 = Release|Any CPU
		{C2F1CB63-053C-D200-96A6-268E154ACCA7}.Debug|Any CPU.ActiveCfg = Debug|Any CPU
		{C2F1CB63-053C-D200-96A6-268E154ACCA7}.Debug|Any CPU.Build.0 = Debug|Any CPU
		{C2F1CB63-053C-D200-96A6-268E154ACCA7}.Release|Any CPU.ActiveCfg = Release|Any CPU
		{C2F1CB63-053C-D200-96A6-268E154ACCA7}.Release|Any CPU.Build.0 = Release|Any CPU
		{6CB212ED-7611-7BE1-AE15-5AD0B019E5BA}.Debug|Any CPU.ActiveCfg = Debug|Any CPU
		{6CB212ED-7611-7BE1-AE15-5AD0B019E5BA}.Debug|Any CPU.Build.0 = Debug|Any CPU
		{6CB212ED-7611-7BE1-AE15-5AD0B019E5BA}.Release|Any CPU.ActiveCfg = Release|Any CPU
		{6CB212ED-7611-7BE1-AE15-5AD0B019E5BA}.Release|Any CPU.Build.0 = Release|Any CPU
		{CD8A6CB7-EC74-E983-985A-C96414322ABD}.Debug|Any CPU.ActiveCfg = Debug|Any CPU
		{CD8A6CB7-EC74-E983-985A-C96414322ABD}.Debug|Any CPU.Build.0 = Debug|Any CPU
		{CD8A6CB7-EC74-E983-985A-C96414322ABD}.Release|Any CPU.ActiveCfg = Release|Any CPU
		{CD8A6CB7-EC74-E983-985A-C96414322ABD}.Release|Any CPU.Build.0 = Release|Any CPU
		{33B48702-D034-0300-3C3C-5BE9B5907699}.Debug|Any CPU.ActiveCfg = Debug|Any CPU
		{33B48702-D034-0300-3C3C-5BE9B5907699}.Debug|Any CPU.Build.0 = Debug|Any CPU
		{33B48702-D034-0300-3C3C-5BE9B5907699}.Release|Any CPU.ActiveCfg = Release|Any CPU
		{33B48702-D034-0300-3C3C-5BE9B5907699}.Release|Any CPU.Build.0 = Release|Any CPU
		{60C739F2-E0C4-8C22-7374-4A787EAD0587}.Debug|Any CPU.ActiveCfg = Debug|Any CPU
		{60C739F2-E0C4-8C22-7374-4A787EAD0587}.Debug|Any CPU.Build.0 = Debug|Any CPU
		{60C739F2-E0C4-8C22-7374-4A787EAD0587}.Release|Any CPU.ActiveCfg = Release|Any CPU
		{60C739F2-E0C4-8C22-7374-4A787EAD0587}.Release|Any CPU.Build.0 = Release|Any CPU
		{E19848DF-B53B-4EB4-AD1C-FD6CA790245E}.Debug|Any CPU.ActiveCfg = Debug|Any CPU
		{E19848DF-B53B-4EB4-AD1C-FD6CA790245E}.Debug|Any CPU.Build.0 = Debug|Any CPU
		{E19848DF-B53B-4EB4-AD1C-FD6CA790245E}.Release|Any CPU.ActiveCfg = Release|Any CPU
		{E19848DF-B53B-4EB4-AD1C-FD6CA790245E}.Release|Any CPU.Build.0 = Release|Any CPU
		{6C75B2DC-8F51-422A-5181-5F06763B538F}.Debug|Any CPU.ActiveCfg = Debug|Any CPU
		{6C75B2DC-8F51-422A-5181-5F06763B538F}.Debug|Any CPU.Build.0 = Debug|Any CPU
		{6C75B2DC-8F51-422A-5181-5F06763B538F}.Release|Any CPU.ActiveCfg = Release|Any CPU
		{6C75B2DC-8F51-422A-5181-5F06763B538F}.Release|Any CPU.Build.0 = Release|Any CPU
		{3165DA59-4399-5ECB-E721-FDB63ACB42A8}.Debug|Any CPU.ActiveCfg = Debug|Any CPU
		{3165DA59-4399-5ECB-E721-FDB63ACB42A8}.Debug|Any CPU.Build.0 = Debug|Any CPU
		{3165DA59-4399-5ECB-E721-FDB63ACB42A8}.Release|Any CPU.ActiveCfg = Release|Any CPU
		{3165DA59-4399-5ECB-E721-FDB63ACB42A8}.Release|Any CPU.Build.0 = Release|Any CPU
		{D04FDC7A-6257-2FE1-05D2-FB4AFB62780C}.Debug|Any CPU.ActiveCfg = Debug|Any CPU
		{D04FDC7A-6257-2FE1-05D2-FB4AFB62780C}.Debug|Any CPU.Build.0 = Debug|Any CPU
		{D04FDC7A-6257-2FE1-05D2-FB4AFB62780C}.Release|Any CPU.ActiveCfg = Release|Any CPU
		{D04FDC7A-6257-2FE1-05D2-FB4AFB62780C}.Release|Any CPU.Build.0 = Release|Any CPU
		{869776B6-782F-2637-A751-1AD299E762E3}.Debug|Any CPU.ActiveCfg = Debug|Any CPU
		{869776B6-782F-2637-A751-1AD299E762E3}.Debug|Any CPU.Build.0 = Debug|Any CPU
		{869776B6-782F-2637-A751-1AD299E762E3}.Release|Any CPU.ActiveCfg = Release|Any CPU
		{869776B6-782F-2637-A751-1AD299E762E3}.Release|Any CPU.Build.0 = Release|Any CPU
		{7082DA69-EB6D-380F-D59B-077C72654B6E}.Debug|Any CPU.ActiveCfg = Debug|Any CPU
		{7082DA69-EB6D-380F-D59B-077C72654B6E}.Debug|Any CPU.Build.0 = Debug|Any CPU
		{7082DA69-EB6D-380F-D59B-077C72654B6E}.Release|Any CPU.ActiveCfg = Release|Any CPU
		{7082DA69-EB6D-380F-D59B-077C72654B6E}.Release|Any CPU.Build.0 = Release|Any CPU
		{0A33E9FE-5117-269C-F824-0BF41FC9E40C}.Debug|Any CPU.ActiveCfg = Debug|Any CPU
		{0A33E9FE-5117-269C-F824-0BF41FC9E40C}.Debug|Any CPU.Build.0 = Debug|Any CPU
		{0A33E9FE-5117-269C-F824-0BF41FC9E40C}.Release|Any CPU.ActiveCfg = Release|Any CPU
		{0A33E9FE-5117-269C-F824-0BF41FC9E40C}.Release|Any CPU.Build.0 = Release|Any CPU
		{E757A4ED-C61D-628D-CE82-F090E3D6DBC1}.Debug|Any CPU.ActiveCfg = Debug|Any CPU
		{E757A4ED-C61D-628D-CE82-F090E3D6DBC1}.Debug|Any CPU.Build.0 = Debug|Any CPU
		{E757A4ED-C61D-628D-CE82-F090E3D6DBC1}.Release|Any CPU.ActiveCfg = Release|Any CPU
		{E757A4ED-C61D-628D-CE82-F090E3D6DBC1}.Release|Any CPU.Build.0 = Release|Any CPU
		{A31CC202-E2E9-7367-77E5-23B21C3D06D4}.Debug|Any CPU.ActiveCfg = Debug|Any CPU
		{A31CC202-E2E9-7367-77E5-23B21C3D06D4}.Debug|Any CPU.Build.0 = Debug|Any CPU
		{A31CC202-E2E9-7367-77E5-23B21C3D06D4}.Release|Any CPU.ActiveCfg = Release|Any CPU
		{A31CC202-E2E9-7367-77E5-23B21C3D06D4}.Release|Any CPU.Build.0 = Release|Any CPU
	EndGlobalSection
	GlobalSection(SolutionProperties) = preSolution
		HideSolutionNode = FALSE
	EndGlobalSection
EndGlobal
