
Microsoft Visual Studio Solution File, Format Version 12.00
# Visual Studio 15
Project("{FAE04EC0-301F-11D3-BF4B-00C04F79EFBC}") = "Assembly-CSharp", "Assembly-CSharp.csproj", "{70066705-61DE-E9A8-834E-8C91478ADC5D}"
EndProject
Project("{FAE04EC0-301F-11D3-BF4B-00C04F79EFBC}") = "VRC.SDKBase", "VRC.SDKBase.csproj", "{5674B9E1-C6D2-FC94-4E94-429668110CA2}"
EndProject
Project("{FAE04EC0-301F-11D3-BF4B-00C04F79EFBC}") = "VRC.Udon.Serialization.OdinSerializer", "VRC.Udon.Serialization.OdinSerializer.csproj", "{CC4A4CD6-61D7-4FCA-71E1-8F0D785D3F09}"
EndProject
Project("{FAE04EC0-301F-11D3-BF4B-00C04F79EFBC}") = "UniTask", "UniTask.csproj", "{E25B2245-6AF7-2385-9744-44C4441AB0FD}"
EndProject
Project("{FAE04EC0-301F-11D3-BF4B-00C04F79EFBC}") = "UdonSharp.Runtime", "UdonSharp.Runtime.csproj", "{AA461578-089A-3F37-466A-38E8E3C4F694}"
EndProject
Project("{FAE04EC0-301F-11D3-BF4B-00C04F79EFBC}") = "VRC.Udon", "VRC.Udon.csproj", "{F2E9179C-DC6A-2B13-7F49-5723FCDC7F07}"
EndProject
Project("{FAE04EC0-301F-11D3-BF4B-00C04F79EFBC}") = "UniTask.Linq", "UniTask.Linq.csproj", "{5EAA240E-4830-6F55-5BFF-BC237EE51BF9}"
EndProject
Project("{FAE04EC0-301F-11D3-BF4B-00C04F79EFBC}") = "VRC.ClientSim", "VRC.ClientSim.csproj", "{027102B3-64EC-BCCA-3AA7-AEFCBE0EA8B7}"
EndProject
Project("{FAE04EC0-301F-11D3-BF4B-00C04F79EFBC}") = "Cyan.CyanTrigger", "Cyan.CyanTrigger.csproj", "{87B3F28E-A801-4D06-A22A-C3CE283C4148}"
EndProject
Project("{FAE04EC0-301F-11D3-BF4B-00C04F79EFBC}") = "VRC.SDK3", "VRC.SDK3.csproj", "{F9995C38-EFD1-6432-DD86-CA7EEE466D87}"
EndProject
Project("{FAE04EC0-301F-11D3-BF4B-00C04F79EFBC}") = "UdonSharp.Lib", "UdonSharp.Lib.csproj", "{B9EE47B0-B643-6CFD-090E-D74CFD0F4927}"
EndProject
Project("{FAE04EC0-301F-11D3-BF4B-00C04F79EFBC}") = "VRC.SDKBase.Editor.BuildPipeline", "VRC.SDKBase.Editor.BuildPipeline.csproj", "{63D5CAC6-D856-5445-0D45-FED7C73DA913}"
EndProject
Project("{FAE04EC0-301F-11D3-BF4B-00C04F79EFBC}") = "UniTask.TextMeshPro", "UniTask.TextMeshPro.csproj", "{F2460D3C-D995-F808-25BD-94EB554A6801}"
EndProject
Project("{FAE04EC0-301F-11D3-BF4B-00C04F79EFBC}") = "AltGUI", "AltGUI.csproj", "{1FC48D70-F02D-7C96-55DF-C2E200B88252}"
EndProject
Project("{FAE04EC0-301F-11D3-BF4B-00C04F79EFBC}") = "UniTask.DOTween", "UniTask.DOTween.csproj", "{03E602A2-1489-1647-FD2B-03836C408B46}"
EndProject
Project("{FAE04EC0-301F-11D3-BF4B-00C04F79EFBC}") = "UniTask.Addressables", "UniTask.Addressables.csproj", "{693C8279-45DA-65D7-2454-C06085BB39EF}"
EndProject
Project("{FAE04EC0-301F-11D3-BF4B-00C04F79EFBC}") = "VRC.SDKBase.Editor", "VRC.SDKBase.Editor.csproj", "{B178C063-B92D-F89D-4DD0-55F52E6FE524}"
EndProject
Project("{FAE04EC0-301F-11D3-BF4B-00C04F79EFBC}") = "Cyan.CyanTrigger.Editor", "Cyan.CyanTrigger.Editor.csproj", "{AD28FD75-DB54-6778-8591-10F1BB751CCC}"
EndProject
Project("{FAE04EC0-301F-11D3-BF4B-00C04F79EFBC}") = "Assembly-CSharp-Editor", "Assembly-CSharp-Editor.csproj", "{918DC139-0088-6D4C-744C-BFD35F333628}"
EndProject
Project("{FAE04EC0-301F-11D3-BF4B-00C04F79EFBC}") = "UdonSharp.Editor", "UdonSharp.Editor.csproj", "{EA4B1962-A5E1-4817-B388-312FD90A793D}"
EndProject
Project("{FAE04EC0-301F-11D3-BF4B-00C04F79EFBC}") = "VRC.Udon.Editor", "VRC.Udon.Editor.csproj", "{725326E6-3C93-A1F7-9393-20936A8D6BD1}"
EndProject
Project("{FAE04EC0-301F-11D3-BF4B-00C04F79EFBC}") = "VRC.SDK3.Editor", "VRC.SDK3.Editor.csproj", "{72F06DD1-185B-910A-4867-DC2754E7A03B}"
EndProject
Project("{FAE04EC0-301F-11D3-BF4B-00C04F79EFBC}") = "UnityEditorTests", "UnityEditorTests.csproj", "{753C7B40-FBE1-EADB-0A39-86648F6305D8}"
EndProject
Project("{FAE04EC0-301F-11D3-BF4B-00C04F79EFBC}") = "VRC.SDKBase.Editor.ShaderStripping", "VRC.SDKBase.Editor.ShaderStripping.csproj", "{B579CF1C-CD75-15FF-1DA5-2AA9B2308982}"
EndProject
Project("{FAE04EC0-301F-11D3-BF4B-00C04F79EFBC}") = "com.vrchat.core.vpm-resolver.Editor", "com.vrchat.core.vpm-resolver.Editor.csproj", "{C1119004-929A-645E-C943-EFEB9F25B896}"
EndProject
Project("{FAE04EC0-301F-11D3-BF4B-00C04F79EFBC}") = "VRC.ClientSim.Editor", "VRC.ClientSim.Editor.csproj", "{5EFD65AF-0BE6-24E8-7093-F59DA57DE59D}"
EndProject
Project("{FAE04EC0-301F-11D3-BF4B-00C04F79EFBC}") = "UniTask.Editor", "UniTask.Editor.csproj", "{5382930B-481B-C944-F32F-2798FFD5A3DF}"
EndProject
Global
	GlobalSection(SolutionConfigurationPlatforms) = preSolution
		Debug|Any CPU = Debug|Any CPU
		Release|Any CPU = Release|Any CPU
	EndGlobalSection
	GlobalSection(ProjectConfigurationPlatforms) = postSolution
		{70066705-61DE-E9A8-834E-8C91478ADC5D}.Debug|Any CPU.ActiveCfg = Debug|Any CPU
		{70066705-61DE-E9A8-834E-8C91478ADC5D}.Debug|Any CPU.Build.0 = Debug|Any CPU
		{70066705-61DE-E9A8-834E-8C91478ADC5D}.Release|Any CPU.ActiveCfg = Release|Any CPU
		{70066705-61DE-E9A8-834E-8C91478ADC5D}.Release|Any CPU.Build.0 = Release|Any CPU
		{5674B9E1-C6D2-FC94-4E94-429668110CA2}.Debug|Any CPU.ActiveCfg = Debug|Any CPU
		{5674B9E1-C6D2-FC94-4E94-429668110CA2}.Debug|Any CPU.Build.0 = Debug|Any CPU
		{5674B9E1-C6D2-FC94-4E94-429668110CA2}.Release|Any CPU.ActiveCfg = Release|Any CPU
		{5674B9E1-C6D2-FC94-4E94-429668110CA2}.Release|Any CPU.Build.0 = Release|Any CPU
		{CC4A4CD6-61D7-4FCA-71E1-8F0D785D3F09}.Debug|Any CPU.ActiveCfg = Debug|Any CPU
		{CC4A4CD6-61D7-4FCA-71E1-8F0D785D3F09}.Debug|Any CPU.Build.0 = Debug|Any CPU
		{CC4A4CD6-61D7-4FCA-71E1-8F0D785D3F09}.Release|Any CPU.ActiveCfg = Release|Any CPU
		{CC4A4CD6-61D7-4FCA-71E1-8F0D785D3F09}.Release|Any CPU.Build.0 = Release|Any CPU
		{E25B2245-6AF7-2385-9744-44C4441AB0FD}.Debug|Any CPU.ActiveCfg = Debug|Any CPU
		{E25B2245-6AF7-2385-9744-44C4441AB0FD}.Debug|Any CPU.Build.0 = Debug|Any CPU
		{E25B2245-6AF7-2385-9744-44C4441AB0FD}.Release|Any CPU.ActiveCfg = Release|Any CPU
		{E25B2245-6AF7-2385-9744-44C4441AB0FD}.Release|Any CPU.Build.0 = Release|Any CPU
		{AA461578-089A-3F37-466A-38E8E3C4F694}.Debug|Any CPU.ActiveCfg = Debug|Any CPU
		{AA461578-089A-3F37-466A-38E8E3C4F694}.Debug|Any CPU.Build.0 = Debug|Any CPU
		{AA461578-089A-3F37-466A-38E8E3C4F694}.Release|Any CPU.ActiveCfg = Release|Any CPU
		{AA461578-089A-3F37-466A-38E8E3C4F694}.Release|Any CPU.Build.0 = Release|Any CPU
		{F2E9179C-DC6A-2B13-7F49-5723FCDC7F07}.Debug|Any CPU.ActiveCfg = Debug|Any CPU
		{F2E9179C-DC6A-2B13-7F49-5723FCDC7F07}.Debug|Any CPU.Build.0 = Debug|Any CPU
		{F2E9179C-DC6A-2B13-7F49-5723FCDC7F07}.Release|Any CPU.ActiveCfg = Release|Any CPU
		{F2E9179C-DC6A-2B13-7F49-5723FCDC7F07}.Release|Any CPU.Build.0 = Release|Any CPU
		{5EAA240E-4830-6F55-5BFF-BC237EE51BF9}.Debug|Any CPU.ActiveCfg = Debug|Any CPU
		{5EAA240E-4830-6F55-5BFF-BC237EE51BF9}.Debug|Any CPU.Build.0 = Debug|Any CPU
		{5EAA240E-4830-6F55-5BFF-BC237EE51BF9}.Release|Any CPU.ActiveCfg = Release|Any CPU
		{5EAA240E-4830-6F55-5BFF-BC237EE51BF9}.Release|Any CPU.Build.0 = Release|Any CPU
		{027102B3-64EC-BCCA-3AA7-AEFCBE0EA8B7}.Debug|Any CPU.ActiveCfg = Debug|Any CPU
		{027102B3-64EC-BCCA-3AA7-AEFCBE0EA8B7}.Debug|Any CPU.Build.0 = Debug|Any CPU
		{027102B3-64EC-BCCA-3AA7-AEFCBE0EA8B7}.Release|Any CPU.ActiveCfg = Release|Any CPU
		{027102B3-64EC-BCCA-3AA7-AEFCBE0EA8B7}.Release|Any CPU.Build.0 = Release|Any CPU
		{87B3F28E-A801-4D06-A22A-C3CE283C4148}.Debug|Any CPU.ActiveCfg = Debug|Any CPU
		{87B3F28E-A801-4D06-A22A-C3CE283C4148}.Debug|Any CPU.Build.0 = Debug|Any CPU
		{87B3F28E-A801-4D06-A22A-C3CE283C4148}.Release|Any CPU.ActiveCfg = Release|Any CPU
		{87B3F28E-A801-4D06-A22A-C3CE283C4148}.Release|Any CPU.Build.0 = Release|Any CPU
		{F9995C38-EFD1-6432-DD86-CA7EEE466D87}.Debug|Any CPU.ActiveCfg = Debug|Any CPU
		{F9995C38-EFD1-6432-DD86-CA7EEE466D87}.Debug|Any CPU.Build.0 = Debug|Any CPU
		{F9995C38-EFD1-6432-DD86-CA7EEE466D87}.Release|Any CPU.ActiveCfg = Release|Any CPU
		{F9995C38-EFD1-6432-DD86-CA7EEE466D87}.Release|Any CPU.Build.0 = Release|Any CPU
		{B9EE47B0-B643-6CFD-090E-D74CFD0F4927}.Debug|Any CPU.ActiveCfg = Debug|Any CPU
		{B9EE47B0-B643-6CFD-090E-D74CFD0F4927}.Debug|Any CPU.Build.0 = Debug|Any CPU
		{B9EE47B0-B643-6CFD-090E-D74CFD0F4927}.Release|Any CPU.ActiveCfg = Release|Any CPU
		{B9EE47B0-B643-6CFD-090E-D74CFD0F4927}.Release|Any CPU.Build.0 = Release|Any CPU
		{63D5CAC6-D856-5445-0D45-FED7C73DA913}.Debug|Any CPU.ActiveCfg = Debug|Any CPU
		{63D5CAC6-D856-5445-0D45-FED7C73DA913}.Debug|Any CPU.Build.0 = Debug|Any CPU
		{63D5CAC6-D856-5445-0D45-FED7C73DA913}.Release|Any CPU.ActiveCfg = Release|Any CPU
		{63D5CAC6-D856-5445-0D45-FED7C73DA913}.Release|Any CPU.Build.0 = Release|Any CPU
		{F2460D3C-D995-F808-25BD-94EB554A6801}.Debug|Any CPU.ActiveCfg = Debug|Any CPU
		{F2460D3C-D995-F808-25BD-94EB554A6801}.Debug|Any CPU.Build.0 = Debug|Any CPU
		{F2460D3C-D995-F808-25BD-94EB554A6801}.Release|Any CPU.ActiveCfg = Release|Any CPU
		{F2460D3C-D995-F808-25BD-94EB554A6801}.Release|Any CPU.Build.0 = Release|Any CPU
		{1FC48D70-F02D-7C96-55DF-C2E200B88252}.Debug|Any CPU.ActiveCfg = Debug|Any CPU
		{1FC48D70-F02D-7C96-55DF-C2E200B88252}.Debug|Any CPU.Build.0 = Debug|Any CPU
		{1FC48D70-F02D-7C96-55DF-C2E200B88252}.Release|Any CPU.ActiveCfg = Release|Any CPU
		{1FC48D70-F02D-7C96-55DF-C2E200B88252}.Release|Any CPU.Build.0 = Release|Any CPU
		{03E602A2-1489-1647-FD2B-03836C408B46}.Debug|Any CPU.ActiveCfg = Debug|Any CPU
		{03E602A2-1489-1647-FD2B-03836C408B46}.Debug|Any CPU.Build.0 = Debug|Any CPU
		{03E602A2-1489-1647-FD2B-03836C408B46}.Release|Any CPU.ActiveCfg = Release|Any CPU
		{03E602A2-1489-1647-FD2B-03836C408B46}.Release|Any CPU.Build.0 = Release|Any CPU
		{693C8279-45DA-65D7-2454-C06085BB39EF}.Debug|Any CPU.ActiveCfg = Debug|Any CPU
		{693C8279-45DA-65D7-2454-C06085BB39EF}.Debug|Any CPU.Build.0 = Debug|Any CPU
		{693C8279-45DA-65D7-2454-C06085BB39EF}.Release|Any CPU.ActiveCfg = Release|Any CPU
		{693C8279-45DA-65D7-2454-C06085BB39EF}.Release|Any CPU.Build.0 = Release|Any CPU
		{B178C063-B92D-F89D-4DD0-55F52E6FE524}.Debug|Any CPU.ActiveCfg = Debug|Any CPU
		{B178C063-B92D-F89D-4DD0-55F52E6FE524}.Debug|Any CPU.Build.0 = Debug|Any CPU
		{B178C063-B92D-F89D-4DD0-55F52E6FE524}.Release|Any CPU.ActiveCfg = Release|Any CPU
		{B178C063-B92D-F89D-4DD0-55F52E6FE524}.Release|Any CPU.Build.0 = Release|Any CPU
		{AD28FD75-DB54-6778-8591-10F1BB751CCC}.Debug|Any CPU.ActiveCfg = Debug|Any CPU
		{AD28FD75-DB54-6778-8591-10F1BB751CCC}.Debug|Any CPU.Build.0 = Debug|Any CPU
		{AD28FD75-DB54-6778-8591-10F1BB751CCC}.Release|Any CPU.ActiveCfg = Release|Any CPU
		{AD28FD75-DB54-6778-8591-10F1BB751CCC}.Release|Any CPU.Build.0 = Release|Any CPU
		{918DC139-0088-6D4C-744C-BFD35F333628}.Debug|Any CPU.ActiveCfg = Debug|Any CPU
		{918DC139-0088-6D4C-744C-BFD35F333628}.Debug|Any CPU.Build.0 = Debug|Any CPU
		{918DC139-0088-6D4C-744C-BFD35F333628}.Release|Any CPU.ActiveCfg = Release|Any CPU
		{918DC139-0088-6D4C-744C-BFD35F333628}.Release|Any CPU.Build.0 = Release|Any CPU
		{EA4B1962-A5E1-4817-B388-312FD90A793D}.Debug|Any CPU.ActiveCfg = Debug|Any CPU
		{EA4B1962-A5E1-4817-B388-312FD90A793D}.Debug|Any CPU.Build.0 = Debug|Any CPU
		{EA4B1962-A5E1-4817-B388-312FD90A793D}.Release|Any CPU.ActiveCfg = Release|Any CPU
		{EA4B1962-A5E1-4817-B388-312FD90A793D}.Release|Any CPU.Build.0 = Release|Any CPU
		{725326E6-3C93-A1F7-9393-20936A8D6BD1}.Debug|Any CPU.ActiveCfg = Debug|Any CPU
		{725326E6-3C93-A1F7-9393-20936A8D6BD1}.Debug|Any CPU.Build.0 = Debug|Any CPU
		{725326E6-3C93-A1F7-9393-20936A8D6BD1}.Release|Any CPU.ActiveCfg = Release|Any CPU
		{725326E6-3C93-A1F7-9393-20936A8D6BD1}.Release|Any CPU.Build.0 = Release|Any CPU
		{72F06DD1-185B-910A-4867-DC2754E7A03B}.Debug|Any CPU.ActiveCfg = Debug|Any CPU
		{72F06DD1-185B-910A-4867-DC2754E7A03B}.Debug|Any CPU.Build.0 = Debug|Any CPU
		{72F06DD1-185B-910A-4867-DC2754E7A03B}.Release|Any CPU.ActiveCfg = Release|Any CPU
		{72F06DD1-185B-910A-4867-DC2754E7A03B}.Release|Any CPU.Build.0 = Release|Any CPU
		{753C7B40-FBE1-EADB-0A39-86648F6305D8}.Debug|Any CPU.ActiveCfg = Debug|Any CPU
		{753C7B40-FBE1-EADB-0A39-86648F6305D8}.Debug|Any CPU.Build.0 = Debug|Any CPU
		{753C7B40-FBE1-EADB-0A39-86648F6305D8}.Release|Any CPU.ActiveCfg = Release|Any CPU
		{753C7B40-FBE1-EADB-0A39-86648F6305D8}.Release|Any CPU.Build.0 = Release|Any CPU
		{B579CF1C-CD75-15FF-1DA5-2AA9B2308982}.Debug|Any CPU.ActiveCfg = Debug|Any CPU
		{B579CF1C-CD75-15FF-1DA5-2AA9B2308982}.Debug|Any CPU.Build.0 = Debug|Any CPU
		{B579CF1C-CD75-15FF-1DA5-2AA9B2308982}.Release|Any CPU.ActiveCfg = Release|Any CPU
		{B579CF1C-CD75-15FF-1DA5-2AA9B2308982}.Release|Any CPU.Build.0 = Release|Any CPU
		{C1119004-929A-645E-C943-EFEB9F25B896}.Debug|Any CPU.ActiveCfg = Debug|Any CPU
		{C1119004-929A-645E-C943-EFEB9F25B896}.Debug|Any CPU.Build.0 = Debug|Any CPU
		{C1119004-929A-645E-C943-EFEB9F25B896}.Release|Any CPU.ActiveCfg = Release|Any CPU
		{C1119004-929A-645E-C943-EFEB9F25B896}.Release|Any CPU.Build.0 = Release|Any CPU
		{5EFD65AF-0BE6-24E8-7093-F59DA57DE59D}.Debug|Any CPU.ActiveCfg = Debug|Any CPU
		{5EFD65AF-0BE6-24E8-7093-F59DA57DE59D}.Debug|Any CPU.Build.0 = Debug|Any CPU
		{5EFD65AF-0BE6-24E8-7093-F59DA57DE59D}.Release|Any CPU.ActiveCfg = Release|Any CPU
		{5EFD65AF-0BE6-24E8-7093-F59DA57DE59D}.Release|Any CPU.Build.0 = Release|Any CPU
		{5382930B-481B-C944-F32F-2798FFD5A3DF}.Debug|Any CPU.ActiveCfg = Debug|Any CPU
		{5382930B-481B-C944-F32F-2798FFD5A3DF}.Debug|Any CPU.Build.0 = Debug|Any CPU
		{5382930B-481B-C944-F32F-2798FFD5A3DF}.Release|Any CPU.ActiveCfg = Release|Any CPU
		{5382930B-481B-C944-F32F-2798FFD5A3DF}.Release|Any CPU.Build.0 = Release|Any CPU
	EndGlobalSection
	GlobalSection(SolutionProperties) = preSolution
		HideSolutionNode = FALSE
	EndGlobalSection
EndGlobal
