
Microsoft Visual Studio Solution File, Format Version 12.00
# Visual Studio 15
Project("{FAE04EC0-301F-11D3-BF4B-00C04F79EFBC}") = "xyz.drblackrat.pictureloader", "xyz.drblackrat.pictureloader.csproj", "{44469EF0-2856-69D9-6856-2CEEC155CC81}"
EndProject
Project("{FAE04EC0-301F-11D3-BF4B-00C04F79EFBC}") = "VRC.ClientSim", "VRC.ClientSim.csproj", "{BEE4399B-7C27-88D2-82E4-22D8B229C513}"
EndProject
Project("{FAE04EC0-301F-11D3-BF4B-00C04F79EFBC}") = "VRC.Udon.Serialization.OdinSerializer", "VRC.Udon.Serialization.OdinSerializer.csproj", "{57EF0196-C1AC-F6AB-F7BE-B865E85F8183}"
EndProject
Project("{FAE04EC0-301F-11D3-BF4B-00C04F79EFBC}") = "Assembly-CSharp", "Assembly-CSharp.csproj", "{9C5A5938-CDF7-FB4C-1F1B-C20AEF5C02CC}"
EndProject
Project("{FAE04EC0-301F-11D3-BF4B-00C04F79EFBC}") = "UdonSharp.Editor", "UdonSharp.Editor.csproj", "{42A448AD-F20E-5397-C30B-613D97D009E1}"
EndProject
Project("{FAE04EC0-301F-11D3-BF4B-00C04F79EFBC}") = "VRC.Udon.Editor", "VRC.Udon.Editor.csproj", "{2C694EA3-8CB6-980F-3D82-139D0A585C7E}"
EndProject
Project("{FAE04EC0-301F-11D3-BF4B-00C04F79EFBC}") = "VRC.SDKBase.Editor", "VRC.SDKBase.Editor.csproj", "{64FF5895-679B-20FC-5F9B-BA45170621E0}"
EndProject
Project("{FAE04EC0-301F-11D3-BF4B-00C04F79EFBC}") = "Cyan.CyanTrigger.Editor", "Cyan.CyanTrigger.Editor.csproj", "{63F7A35E-D6B0-E187-DF18-5EF0371ECCB4}"
EndProject
Project("{FAE04EC0-301F-11D3-BF4B-00C04F79EFBC}") = "UniTask", "UniTask.csproj", "{6DAE88A3-5325-EC34-418D-1418C202F0A1}"
EndProject
Project("{FAE04EC0-301F-11D3-BF4B-00C04F79EFBC}") = "VRC.Udon", "VRC.Udon.csproj", "{3373B289-697D-0768-F0F1-01A64FB43FCE}"
EndProject
Project("{FAE04EC0-301F-11D3-BF4B-00C04F79EFBC}") = "UniTask.Linq", "UniTask.Linq.csproj", "{277C4C56-CC1A-CE48-64D3-80D20A808DFD}"
EndProject
Project("{FAE04EC0-301F-11D3-BF4B-00C04F79EFBC}") = "JLChnToZ.VVMW.Editor", "JLChnToZ.VVMW.Editor.csproj", "{388A1798-D9A8-38EB-58AC-4D68E297AC74}"
EndProject
Project("{FAE04EC0-301F-11D3-BF4B-00C04F79EFBC}") = "VRC.SDKBase", "VRC.SDKBase.csproj", "{B9C50572-9BE6-351C-0F66-0B51E8E37F6E}"
EndProject
Project("{FAE04EC0-301F-11D3-BF4B-00C04F79EFBC}") = "JLChnToZ.VRC.Foundation", "JLChnToZ.VRC.Foundation.csproj", "{F509FEBE-D1C4-2459-86EA-931F345EC295}"
EndProject
Project("{FAE04EC0-301F-11D3-BF4B-00C04F79EFBC}") = "VRC.ClientSim.Editor", "VRC.ClientSim.Editor.csproj", "{15E95C1A-235C-4111-D13A-BDFA1BAD35E4}"
EndProject
Project("{FAE04EC0-301F-11D3-BF4B-00C04F79EFBC}") = "VRC.SDK3", "VRC.SDK3.csproj", "{F6C8BAA8-2135-1316-DC5E-F811549A23DD}"
EndProject
Project("{FAE04EC0-301F-11D3-BF4B-00C04F79EFBC}") = "Assembly-CSharp-Editor", "Assembly-CSharp-Editor.csproj", "{89F2677D-F93C-7703-9DAF-E1E9516B274D}"
EndProject
Project("{FAE04EC0-301F-11D3-BF4B-00C04F79EFBC}") = "VRC.SDK3.Editor", "VRC.SDK3.Editor.csproj", "{B9B2CD9D-8A03-7D21-ABE1-B43B2682C8EB}"
EndProject
Project("{FAE04EC0-301F-11D3-BF4B-00C04F79EFBC}") = "UniTask.DOTween", "UniTask.DOTween.csproj", "{8A52435B-60C6-6009-12D3-A1996FFC9042}"
EndProject
Project("{FAE04EC0-301F-11D3-BF4B-00C04F79EFBC}") = "JLChnToZ.VVMW", "JLChnToZ.VVMW.csproj", "{456AF608-14C5-1111-8083-4BBD342B2661}"
EndProject
Project("{FAE04EC0-301F-11D3-BF4B-00C04F79EFBC}") = "JLChnToZ.VRC.Foundation.Editor", "JLChnToZ.VRC.Foundation.Editor.csproj", "{6AC24E0B-AB59-8805-81E3-0B8E64F867E8}"
EndProject
Project("{FAE04EC0-301F-11D3-BF4B-00C04F79EFBC}") = "UnityEditorTests", "UnityEditorTests.csproj", "{897EEE3D-57C1-FEA6-4B5C-8DD6E5DFEDEC}"
EndProject
Project("{FAE04EC0-301F-11D3-BF4B-00C04F79EFBC}") = "AudioLink", "AudioLink.csproj", "{AFAE9645-876D-3C31-B5E4-3B42B9113A54}"
EndProject
Project("{FAE04EC0-301F-11D3-BF4B-00C04F79EFBC}") = "Cyan.CyanTrigger", "Cyan.CyanTrigger.csproj", "{8924039D-B60A-9F67-1729-4AD75F28CACD}"
EndProject
Project("{FAE04EC0-301F-11D3-BF4B-00C04F79EFBC}") = "AudioLink.Editor", "AudioLink.Editor.csproj", "{6F8E4CEA-3C5D-17B3-C44E-8E68FE178399}"
EndProject
Project("{FAE04EC0-301F-11D3-BF4B-00C04F79EFBC}") = "VRWorldToolkit.Editor", "VRWorldToolkit.Editor.csproj", "{3808F876-4D95-FB61-8767-BE1CE552E66A}"
EndProject
Project("{FAE04EC0-301F-11D3-BF4B-00C04F79EFBC}") = "VRC.ExampleCentral.Editor", "VRC.ExampleCentral.Editor.csproj", "{21DC1203-3A55-0A48-40D7-2ECDB45E7CE6}"
EndProject
Project("{FAE04EC0-301F-11D3-BF4B-00C04F79EFBC}") = "com.vrchat.core.vpm-resolver.Editor", "com.vrchat.core.vpm-resolver.Editor.csproj", "{DE50DECD-C789-72E0-6E4F-3353177E9B7A}"
EndProject
Project("{FAE04EC0-301F-11D3-BF4B-00C04F79EFBC}") = "VRC.SDKBase.Editor.ShaderStripping", "VRC.SDKBase.Editor.ShaderStripping.csproj", "{DDF80625-15C1-F294-BEE7-170B0FE08A99}"
EndProject
Project("{FAE04EC0-301F-11D3-BF4B-00C04F79EFBC}") = "UdonSharp.Runtime", "UdonSharp.Runtime.csproj", "{93A3D988-3687-288F-758A-85779AA5EF99}"
EndProject
Project("{FAE04EC0-301F-11D3-BF4B-00C04F79EFBC}") = "xyz.drblackrat.pictureloader.Editor", "xyz.drblackrat.pictureloader.Editor.csproj", "{4B937F06-EB04-A1C9-29FD-E6A561952F6F}"
EndProject
Project("{FAE04EC0-301F-11D3-BF4B-00C04F79EFBC}") = "UniTask.Editor", "UniTask.Editor.csproj", "{BD80825B-BAE8-B86B-44AF-9039AB6E54CA}"
EndProject
Project("{FAE04EC0-301F-11D3-BF4B-00C04F79EFBC}") = "AltGUI", "AltGUI.csproj", "{B50CC1D7-51EA-D4FD-C54B-6123D946B713}"
EndProject
Project("{FAE04EC0-301F-11D3-BF4B-00C04F79EFBC}") = "UdonSharp.Lib", "UdonSharp.Lib.csproj", "{29EF73ED-955A-10C2-9BEA-301E915291C6}"
EndProject
Project("{FAE04EC0-301F-11D3-BF4B-00C04F79EFBC}") = "VRC.SDKBase.Editor.BuildPipeline", "VRC.SDKBase.Editor.BuildPipeline.csproj", "{0C34408F-3F60-7570-11C2-063EF6359058}"
EndProject
Project("{FAE04EC0-301F-11D3-BF4B-00C04F79EFBC}") = "UniTask.Addressables", "UniTask.Addressables.csproj", "{B2F04376-6868-9D7F-CF00-A796F7178AC8}"
EndProject
Project("{FAE04EC0-301F-11D3-BF4B-00C04F79EFBC}") = "UniTask.TextMeshPro", "UniTask.TextMeshPro.csproj", "{FB1248E0-CB02-A1BB-C735-2BD2F636B6E2}"
EndProject
Project("{FAE04EC0-301F-11D3-BF4B-00C04F79EFBC}") = "AVProVideo.Runtime", "AVProVideo.Runtime.csproj", "{343F8653-5E24-D555-F55B-CF9AED1BD8A7}"
EndProject
Global
	GlobalSection(SolutionConfigurationPlatforms) = preSolution
		Debug|Any CPU = Debug|Any CPU
		Release|Any CPU = Release|Any CPU
	EndGlobalSection
	GlobalSection(ProjectConfigurationPlatforms) = postSolution
		{44469EF0-2856-69D9-6856-2CEEC155CC81}.Debug|Any CPU.ActiveCfg = Debug|Any CPU
		{44469EF0-2856-69D9-6856-2CEEC155CC81}.Debug|Any CPU.Build.0 = Debug|Any CPU
		{44469EF0-2856-69D9-6856-2CEEC155CC81}.Release|Any CPU.ActiveCfg = Release|Any CPU
		{44469EF0-2856-69D9-6856-2CEEC155CC81}.Release|Any CPU.Build.0 = Release|Any CPU
		{BEE4399B-7C27-88D2-82E4-22D8B229C513}.Debug|Any CPU.ActiveCfg = Debug|Any CPU
		{BEE4399B-7C27-88D2-82E4-22D8B229C513}.Debug|Any CPU.Build.0 = Debug|Any CPU
		{BEE4399B-7C27-88D2-82E4-22D8B229C513}.Release|Any CPU.ActiveCfg = Release|Any CPU
		{BEE4399B-7C27-88D2-82E4-22D8B229C513}.Release|Any CPU.Build.0 = Release|Any CPU
		{57EF0196-C1AC-F6AB-F7BE-B865E85F8183}.Debug|Any CPU.ActiveCfg = Debug|Any CPU
		{57EF0196-C1AC-F6AB-F7BE-B865E85F8183}.Debug|Any CPU.Build.0 = Debug|Any CPU
		{57EF0196-C1AC-F6AB-F7BE-B865E85F8183}.Release|Any CPU.ActiveCfg = Release|Any CPU
		{57EF0196-C1AC-F6AB-F7BE-B865E85F8183}.Release|Any CPU.Build.0 = Release|Any CPU
		{9C5A5938-CDF7-FB4C-1F1B-C20AEF5C02CC}.Debug|Any CPU.ActiveCfg = Debug|Any CPU
		{9C5A5938-CDF7-FB4C-1F1B-C20AEF5C02CC}.Debug|Any CPU.Build.0 = Debug|Any CPU
		{9C5A5938-CDF7-FB4C-1F1B-C20AEF5C02CC}.Release|Any CPU.ActiveCfg = Release|Any CPU
		{9C5A5938-CDF7-FB4C-1F1B-C20AEF5C02CC}.Release|Any CPU.Build.0 = Release|Any CPU
		{42A448AD-F20E-5397-C30B-613D97D009E1}.Debug|Any CPU.ActiveCfg = Debug|Any CPU
		{42A448AD-F20E-5397-C30B-613D97D009E1}.Debug|Any CPU.Build.0 = Debug|Any CPU
		{42A448AD-F20E-5397-C30B-613D97D009E1}.Release|Any CPU.ActiveCfg = Release|Any CPU
		{42A448AD-F20E-5397-C30B-613D97D009E1}.Release|Any CPU.Build.0 = Release|Any CPU
		{2C694EA3-8CB6-980F-3D82-139D0A585C7E}.Debug|Any CPU.ActiveCfg = Debug|Any CPU
		{2C694EA3-8CB6-980F-3D82-139D0A585C7E}.Debug|Any CPU.Build.0 = Debug|Any CPU
		{2C694EA3-8CB6-980F-3D82-139D0A585C7E}.Release|Any CPU.ActiveCfg = Release|Any CPU
		{2C694EA3-8CB6-980F-3D82-139D0A585C7E}.Release|Any CPU.Build.0 = Release|Any CPU
		{64FF5895-679B-20FC-5F9B-BA45170621E0}.Debug|Any CPU.ActiveCfg = Debug|Any CPU
		{64FF5895-679B-20FC-5F9B-BA45170621E0}.Debug|Any CPU.Build.0 = Debug|Any CPU
		{64FF5895-679B-20FC-5F9B-BA45170621E0}.Release|Any CPU.ActiveCfg = Release|Any CPU
		{64FF5895-679B-20FC-5F9B-BA45170621E0}.Release|Any CPU.Build.0 = Release|Any CPU
		{63F7A35E-D6B0-E187-DF18-5EF0371ECCB4}.Debug|Any CPU.ActiveCfg = Debug|Any CPU
		{63F7A35E-D6B0-E187-DF18-5EF0371ECCB4}.Debug|Any CPU.Build.0 = Debug|Any CPU
		{63F7A35E-D6B0-E187-DF18-5EF0371ECCB4}.Release|Any CPU.ActiveCfg = Release|Any CPU
		{63F7A35E-D6B0-E187-DF18-5EF0371ECCB4}.Release|Any CPU.Build.0 = Release|Any CPU
		{6DAE88A3-5325-EC34-418D-1418C202F0A1}.Debug|Any CPU.ActiveCfg = Debug|Any CPU
		{6DAE88A3-5325-EC34-418D-1418C202F0A1}.Debug|Any CPU.Build.0 = Debug|Any CPU
		{6DAE88A3-5325-EC34-418D-1418C202F0A1}.Release|Any CPU.ActiveCfg = Release|Any CPU
		{6DAE88A3-5325-EC34-418D-1418C202F0A1}.Release|Any CPU.Build.0 = Release|Any CPU
		{3373B289-697D-0768-F0F1-01A64FB43FCE}.Debug|Any CPU.ActiveCfg = Debug|Any CPU
		{3373B289-697D-0768-F0F1-01A64FB43FCE}.Debug|Any CPU.Build.0 = Debug|Any CPU
		{3373B289-697D-0768-F0F1-01A64FB43FCE}.Release|Any CPU.ActiveCfg = Release|Any CPU
		{3373B289-697D-0768-F0F1-01A64FB43FCE}.Release|Any CPU.Build.0 = Release|Any CPU
		{277C4C56-CC1A-CE48-64D3-80D20A808DFD}.Debug|Any CPU.ActiveCfg = Debug|Any CPU
		{277C4C56-CC1A-CE48-64D3-80D20A808DFD}.Debug|Any CPU.Build.0 = Debug|Any CPU
		{277C4C56-CC1A-CE48-64D3-80D20A808DFD}.Release|Any CPU.ActiveCfg = Release|Any CPU
		{277C4C56-CC1A-CE48-64D3-80D20A808DFD}.Release|Any CPU.Build.0 = Release|Any CPU
		{388A1798-D9A8-38EB-58AC-4D68E297AC74}.Debug|Any CPU.ActiveCfg = Debug|Any CPU
		{388A1798-D9A8-38EB-58AC-4D68E297AC74}.Debug|Any CPU.Build.0 = Debug|Any CPU
		{388A1798-D9A8-38EB-58AC-4D68E297AC74}.Release|Any CPU.ActiveCfg = Release|Any CPU
		{388A1798-D9A8-38EB-58AC-4D68E297AC74}.Release|Any CPU.Build.0 = Release|Any CPU
		{B9C50572-9BE6-351C-0F66-0B51E8E37F6E}.Debug|Any CPU.ActiveCfg = Debug|Any CPU
		{B9C50572-9BE6-351C-0F66-0B51E8E37F6E}.Debug|Any CPU.Build.0 = Debug|Any CPU
		{B9C50572-9BE6-351C-0F66-0B51E8E37F6E}.Release|Any CPU.ActiveCfg = Release|Any CPU
		{B9C50572-9BE6-351C-0F66-0B51E8E37F6E}.Release|Any CPU.Build.0 = Release|Any CPU
		{F509FEBE-D1C4-2459-86EA-931F345EC295}.Debug|Any CPU.ActiveCfg = Debug|Any CPU
		{F509FEBE-D1C4-2459-86EA-931F345EC295}.Debug|Any CPU.Build.0 = Debug|Any CPU
		{F509FEBE-D1C4-2459-86EA-931F345EC295}.Release|Any CPU.ActiveCfg = Release|Any CPU
		{F509FEBE-D1C4-2459-86EA-931F345EC295}.Release|Any CPU.Build.0 = Release|Any CPU
		{15E95C1A-235C-4111-D13A-BDFA1BAD35E4}.Debug|Any CPU.ActiveCfg = Debug|Any CPU
		{15E95C1A-235C-4111-D13A-BDFA1BAD35E4}.Debug|Any CPU.Build.0 = Debug|Any CPU
		{15E95C1A-235C-4111-D13A-BDFA1BAD35E4}.Release|Any CPU.ActiveCfg = Release|Any CPU
		{15E95C1A-235C-4111-D13A-BDFA1BAD35E4}.Release|Any CPU.Build.0 = Release|Any CPU
		{F6C8BAA8-2135-1316-DC5E-F811549A23DD}.Debug|Any CPU.ActiveCfg = Debug|Any CPU
		{F6C8BAA8-2135-1316-DC5E-F811549A23DD}.Debug|Any CPU.Build.0 = Debug|Any CPU
		{F6C8BAA8-2135-1316-DC5E-F811549A23DD}.Release|Any CPU.ActiveCfg = Release|Any CPU
		{F6C8BAA8-2135-1316-DC5E-F811549A23DD}.Release|Any CPU.Build.0 = Release|Any CPU
		{89F2677D-F93C-7703-9DAF-E1E9516B274D}.Debug|Any CPU.ActiveCfg = Debug|Any CPU
		{89F2677D-F93C-7703-9DAF-E1E9516B274D}.Debug|Any CPU.Build.0 = Debug|Any CPU
		{89F2677D-F93C-7703-9DAF-E1E9516B274D}.Release|Any CPU.ActiveCfg = Release|Any CPU
		{89F2677D-F93C-7703-9DAF-E1E9516B274D}.Release|Any CPU.Build.0 = Release|Any CPU
		{B9B2CD9D-8A03-7D21-ABE1-B43B2682C8EB}.Debug|Any CPU.ActiveCfg = Debug|Any CPU
		{B9B2CD9D-8A03-7D21-ABE1-B43B2682C8EB}.Debug|Any CPU.Build.0 = Debug|Any CPU
		{B9B2CD9D-8A03-7D21-ABE1-B43B2682C8EB}.Release|Any CPU.ActiveCfg = Release|Any CPU
		{B9B2CD9D-8A03-7D21-ABE1-B43B2682C8EB}.Release|Any CPU.Build.0 = Release|Any CPU
		{8A52435B-60C6-6009-12D3-A1996FFC9042}.Debug|Any CPU.ActiveCfg = Debug|Any CPU
		{8A52435B-60C6-6009-12D3-A1996FFC9042}.Debug|Any CPU.Build.0 = Debug|Any CPU
		{8A52435B-60C6-6009-12D3-A1996FFC9042}.Release|Any CPU.ActiveCfg = Release|Any CPU
		{8A52435B-60C6-6009-12D3-A1996FFC9042}.Release|Any CPU.Build.0 = Release|Any CPU
		{456AF608-14C5-1111-8083-4BBD342B2661}.Debug|Any CPU.ActiveCfg = Debug|Any CPU
		{456AF608-14C5-1111-8083-4BBD342B2661}.Debug|Any CPU.Build.0 = Debug|Any CPU
		{456AF608-14C5-1111-8083-4BBD342B2661}.Release|Any CPU.ActiveCfg = Release|Any CPU
		{456AF608-14C5-1111-8083-4BBD342B2661}.Release|Any CPU.Build.0 = Release|Any CPU
		{6AC24E0B-AB59-8805-81E3-0B8E64F867E8}.Debug|Any CPU.ActiveCfg = Debug|Any CPU
		{6AC24E0B-AB59-8805-81E3-0B8E64F867E8}.Debug|Any CPU.Build.0 = Debug|Any CPU
		{6AC24E0B-AB59-8805-81E3-0B8E64F867E8}.Release|Any CPU.ActiveCfg = Release|Any CPU
		{6AC24E0B-AB59-8805-81E3-0B8E64F867E8}.Release|Any CPU.Build.0 = Release|Any CPU
		{897EEE3D-57C1-FEA6-4B5C-8DD6E5DFEDEC}.Debug|Any CPU.ActiveCfg = Debug|Any CPU
		{897EEE3D-57C1-FEA6-4B5C-8DD6E5DFEDEC}.Debug|Any CPU.Build.0 = Debug|Any CPU
		{897EEE3D-57C1-FEA6-4B5C-8DD6E5DFEDEC}.Release|Any CPU.ActiveCfg = Release|Any CPU
		{897EEE3D-57C1-FEA6-4B5C-8DD6E5DFEDEC}.Release|Any CPU.Build.0 = Release|Any CPU
		{AFAE9645-876D-3C31-B5E4-3B42B9113A54}.Debug|Any CPU.ActiveCfg = Debug|Any CPU
		{AFAE9645-876D-3C31-B5E4-3B42B9113A54}.Debug|Any CPU.Build.0 = Debug|Any CPU
		{AFAE9645-876D-3C31-B5E4-3B42B9113A54}.Release|Any CPU.ActiveCfg = Release|Any CPU
		{AFAE9645-876D-3C31-B5E4-3B42B9113A54}.Release|Any CPU.Build.0 = Release|Any CPU
		{8924039D-B60A-9F67-1729-4AD75F28CACD}.Debug|Any CPU.ActiveCfg = Debug|Any CPU
		{8924039D-B60A-9F67-1729-4AD75F28CACD}.Debug|Any CPU.Build.0 = Debug|Any CPU
		{8924039D-B60A-9F67-1729-4AD75F28CACD}.Release|Any CPU.ActiveCfg = Release|Any CPU
		{8924039D-B60A-9F67-1729-4AD75F28CACD}.Release|Any CPU.Build.0 = Release|Any CPU
		{6F8E4CEA-3C5D-17B3-C44E-8E68FE178399}.Debug|Any CPU.ActiveCfg = Debug|Any CPU
		{6F8E4CEA-3C5D-17B3-C44E-8E68FE178399}.Debug|Any CPU.Build.0 = Debug|Any CPU
		{6F8E4CEA-3C5D-17B3-C44E-8E68FE178399}.Release|Any CPU.ActiveCfg = Release|Any CPU
		{6F8E4CEA-3C5D-17B3-C44E-8E68FE178399}.Release|Any CPU.Build.0 = Release|Any CPU
		{3808F876-4D95-FB61-8767-BE1CE552E66A}.Debug|Any CPU.ActiveCfg = Debug|Any CPU
		{3808F876-4D95-FB61-8767-BE1CE552E66A}.Debug|Any CPU.Build.0 = Debug|Any CPU
		{3808F876-4D95-FB61-8767-BE1CE552E66A}.Release|Any CPU.ActiveCfg = Release|Any CPU
		{3808F876-4D95-FB61-8767-BE1CE552E66A}.Release|Any CPU.Build.0 = Release|Any CPU
		{21DC1203-3A55-0A48-40D7-2ECDB45E7CE6}.Debug|Any CPU.ActiveCfg = Debug|Any CPU
		{21DC1203-3A55-0A48-40D7-2ECDB45E7CE6}.Debug|Any CPU.Build.0 = Debug|Any CPU
		{21DC1203-3A55-0A48-40D7-2ECDB45E7CE6}.Release|Any CPU.ActiveCfg = Release|Any CPU
		{21DC1203-3A55-0A48-40D7-2ECDB45E7CE6}.Release|Any CPU.Build.0 = Release|Any CPU
		{DE50DECD-C789-72E0-6E4F-3353177E9B7A}.Debug|Any CPU.ActiveCfg = Debug|Any CPU
		{DE50DECD-C789-72E0-6E4F-3353177E9B7A}.Debug|Any CPU.Build.0 = Debug|Any CPU
		{DE50DECD-C789-72E0-6E4F-3353177E9B7A}.Release|Any CPU.ActiveCfg = Release|Any CPU
		{DE50DECD-C789-72E0-6E4F-3353177E9B7A}.Release|Any CPU.Build.0 = Release|Any CPU
		{DDF80625-15C1-F294-BEE7-170B0FE08A99}.Debug|Any CPU.ActiveCfg = Debug|Any CPU
		{DDF80625-15C1-F294-BEE7-170B0FE08A99}.Debug|Any CPU.Build.0 = Debug|Any CPU
		{DDF80625-15C1-F294-BEE7-170B0FE08A99}.Release|Any CPU.ActiveCfg = Release|Any CPU
		{DDF80625-15C1-F294-BEE7-170B0FE08A99}.Release|Any CPU.Build.0 = Release|Any CPU
		{93A3D988-3687-288F-758A-85779AA5EF99}.Debug|Any CPU.ActiveCfg = Debug|Any CPU
		{93A3D988-3687-288F-758A-85779AA5EF99}.Debug|Any CPU.Build.0 = Debug|Any CPU
		{93A3D988-3687-288F-758A-85779AA5EF99}.Release|Any CPU.ActiveCfg = Release|Any CPU
		{93A3D988-3687-288F-758A-85779AA5EF99}.Release|Any CPU.Build.0 = Release|Any CPU
		{4B937F06-EB04-A1C9-29FD-E6A561952F6F}.Debug|Any CPU.ActiveCfg = Debug|Any CPU
		{4B937F06-EB04-A1C9-29FD-E6A561952F6F}.Debug|Any CPU.Build.0 = Debug|Any CPU
		{4B937F06-EB04-A1C9-29FD-E6A561952F6F}.Release|Any CPU.ActiveCfg = Release|Any CPU
		{4B937F06-EB04-A1C9-29FD-E6A561952F6F}.Release|Any CPU.Build.0 = Release|Any CPU
		{BD80825B-BAE8-B86B-44AF-9039AB6E54CA}.Debug|Any CPU.ActiveCfg = Debug|Any CPU
		{BD80825B-BAE8-B86B-44AF-9039AB6E54CA}.Debug|Any CPU.Build.0 = Debug|Any CPU
		{BD80825B-BAE8-B86B-44AF-9039AB6E54CA}.Release|Any CPU.ActiveCfg = Release|Any CPU
		{BD80825B-BAE8-B86B-44AF-9039AB6E54CA}.Release|Any CPU.Build.0 = Release|Any CPU
		{B50CC1D7-51EA-D4FD-C54B-6123D946B713}.Debug|Any CPU.ActiveCfg = Debug|Any CPU
		{B50CC1D7-51EA-D4FD-C54B-6123D946B713}.Debug|Any CPU.Build.0 = Debug|Any CPU
		{B50CC1D7-51EA-D4FD-C54B-6123D946B713}.Release|Any CPU.ActiveCfg = Release|Any CPU
		{B50CC1D7-51EA-D4FD-C54B-6123D946B713}.Release|Any CPU.Build.0 = Release|Any CPU
		{29EF73ED-955A-10C2-9BEA-301E915291C6}.Debug|Any CPU.ActiveCfg = Debug|Any CPU
		{29EF73ED-955A-10C2-9BEA-301E915291C6}.Debug|Any CPU.Build.0 = Debug|Any CPU
		{29EF73ED-955A-10C2-9BEA-301E915291C6}.Release|Any CPU.ActiveCfg = Release|Any CPU
		{29EF73ED-955A-10C2-9BEA-301E915291C6}.Release|Any CPU.Build.0 = Release|Any CPU
		{0C34408F-3F60-7570-11C2-063EF6359058}.Debug|Any CPU.ActiveCfg = Debug|Any CPU
		{0C34408F-3F60-7570-11C2-063EF6359058}.Debug|Any CPU.Build.0 = Debug|Any CPU
		{0C34408F-3F60-7570-11C2-063EF6359058}.Release|Any CPU.ActiveCfg = Release|Any CPU
		{0C34408F-3F60-7570-11C2-063EF6359058}.Release|Any CPU.Build.0 = Release|Any CPU
		{B2F04376-6868-9D7F-CF00-A796F7178AC8}.Debug|Any CPU.ActiveCfg = Debug|Any CPU
		{B2F04376-6868-9D7F-CF00-A796F7178AC8}.Debug|Any CPU.Build.0 = Debug|Any CPU
		{B2F04376-6868-9D7F-CF00-A796F7178AC8}.Release|Any CPU.ActiveCfg = Release|Any CPU
		{B2F04376-6868-9D7F-CF00-A796F7178AC8}.Release|Any CPU.Build.0 = Release|Any CPU
		{FB1248E0-CB02-A1BB-C735-2BD2F636B6E2}.Debug|Any CPU.ActiveCfg = Debug|Any CPU
		{FB1248E0-CB02-A1BB-C735-2BD2F636B6E2}.Debug|Any CPU.Build.0 = Debug|Any CPU
		{FB1248E0-CB02-A1BB-C735-2BD2F636B6E2}.Release|Any CPU.ActiveCfg = Release|Any CPU
		{FB1248E0-CB02-A1BB-C735-2BD2F636B6E2}.Release|Any CPU.Build.0 = Release|Any CPU
		{343F8653-5E24-D555-F55B-CF9AED1BD8A7}.Debug|Any CPU.ActiveCfg = Debug|Any CPU
		{343F8653-5E24-D555-F55B-CF9AED1BD8A7}.Debug|Any CPU.Build.0 = Debug|Any CPU
		{343F8653-5E24-D555-F55B-CF9AED1BD8A7}.Release|Any CPU.ActiveCfg = Release|Any CPU
		{343F8653-5E24-D555-F55B-CF9AED1BD8A7}.Release|Any CPU.Build.0 = Release|Any CPU
	EndGlobalSection
	GlobalSection(SolutionProperties) = preSolution
		HideSolutionNode = FALSE
	EndGlobalSection
EndGlobal
